
Microsoft Visual Studio Solution File, Format Version 12.00
# Visual Studio 15
VisualStudioVersion = 15.0.27130.2036
MinimumVisualStudioVersion = 10.0.40219.1
Project("{FAE04EC0-301F-11D3-BF4B-00C04F79EFBC}") = "LinguoWeb", "LinguoWeb\LinguoWeb.csproj", "{65E4F981-51FF-4207-A1DD-64F9D1011015}"
EndProject
Global
	GlobalSection(SolutionConfigurationPlatforms) = preSolution
		Debug|Any CPU = Debug|Any CPU
		Release|Any CPU = Release|Any CPU
	EndGlobalSection
	GlobalSection(ProjectConfigurationPlatforms) = postSolution
		{65E4F981-51FF-4207-A1DD-64F9D1011015}.Debug|Any CPU.ActiveCfg = Debug|Any CPU
		{65E4F981-51FF-4207-A1DD-64F9D1011015}.Debug|Any CPU.Build.0 = Debug|Any CPU
		{65E4F981-51FF-4207-A1DD-64F9D1011015}.Release|Any CPU.ActiveCfg = Release|Any CPU
		{65E4F981-51FF-4207-A1DD-64F9D1011015}.Release|Any CPU.Build.0 = Release|Any CPU
	EndGlobalSection
	GlobalSection(SolutionProperties) = preSolution
		HideSolutionNode = FALSE
	EndGlobalSection
	GlobalSection(ExtensibilityGlobals) = postSolution
		SolutionGuid = {E2427358-2B93-459C-B8B1-E0E68CA4858F}
	EndGlobalSection
EndGlobal
